// !$*UTF8*$!
{
	archiveVersion = 1;
	classes = {
	};
	objectVersion = 56;
	objects = {

/* Begin PBXBuildFile section */
		011DD53F2943A06300CF3522 /* numberioApp.swift in Sources */ = {isa = PBXBuildFile; fileRef = 011DD53E2943A06300CF3522 /* numberioApp.swift */; };
		011DD5412943A06300CF3522 /* ContentView.swift in Sources */ = {isa = PBXBuildFile; fileRef = 011DD5402943A06300CF3522 /* ContentView.swift */; };
		011DD5432943A06400CF3522 /* Assets.xcassets in Resources */ = {isa = PBXBuildFile; fileRef = 011DD5422943A06400CF3522 /* Assets.xcassets */; };
		011DD5472943A06400CF3522 /* Preview Assets.xcassets in Resources */ = {isa = PBXBuildFile; fileRef = 011DD5462943A06400CF3522 /* Preview Assets.xcassets */; };
		011DD5512943A06400CF3522 /* numberioTests.swift in Sources */ = {isa = PBXBuildFile; fileRef = 011DD5502943A06400CF3522 /* numberioTests.swift */; };
		011DD55B2943A06400CF3522 /* numberioUITests.swift in Sources */ = {isa = PBXBuildFile; fileRef = 011DD55A2943A06400CF3522 /* numberioUITests.swift */; };
		011DD55D2943A06400CF3522 /* numberioUITestsLaunchTests.swift in Sources */ = {isa = PBXBuildFile; fileRef = 011DD55C2943A06400CF3522 /* numberioUITestsLaunchTests.swift */; };
		011DD56A2943D77200CF3522 /* ButtonCell.swift in Sources */ = {isa = PBXBuildFile; fileRef = 011DD5692943D77200CF3522 /* ButtonCell.swift */; };
/* End PBXBuildFile section */

/* Begin PBXContainerItemProxy section */
		011DD54D2943A06400CF3522 /* PBXContainerItemProxy */ = {
			isa = PBXContainerItemProxy;
			containerPortal = 011DD5332943A06300CF3522 /* Project object */;
			proxyType = 1;
			remoteGlobalIDString = 011DD53A2943A06300CF3522;
			remoteInfo = numberio;
		};
		011DD5572943A06400CF3522 /* PBXContainerItemProxy */ = {
			isa = PBXContainerItemProxy;
			containerPortal = 011DD5332943A06300CF3522 /* Project object */;
			proxyType = 1;
			remoteGlobalIDString = 011DD53A2943A06300CF3522;
			remoteInfo = numberio;
		};
/* End PBXContainerItemProxy section */

/* Begin PBXFileReference section */
		011DD53B2943A06300CF3522 /* numberio.app */ = {isa = PBXFileReference; explicitFileType = wrapper.application; includeInIndex = 0; path = numberio.app; sourceTree = BUILT_PRODUCTS_DIR; };
		011DD53E2943A06300CF3522 /* numberioApp.swift */ = {isa = PBXFileReference; lastKnownFileType = sourcecode.swift; path = numberioApp.swift; sourceTree = "<group>"; };
		011DD5402943A06300CF3522 /* ContentView.swift */ = {isa = PBXFileReference; lastKnownFileType = sourcecode.swift; path = ContentView.swift; sourceTree = "<group>"; };
		011DD5422943A06400CF3522 /* Assets.xcassets */ = {isa = PBXFileReference; lastKnownFileType = folder.assetcatalog; path = Assets.xcassets; sourceTree = "<group>"; };
		011DD5442943A06400CF3522 /* numberio.entitlements */ = {isa = PBXFileReference; lastKnownFileType = text.plist.entitlements; path = numberio.entitlements; sourceTree = "<group>"; };
		011DD5462943A06400CF3522 /* Preview Assets.xcassets */ = {isa = PBXFileReference; lastKnownFileType = folder.assetcatalog; path = "Preview Assets.xcassets"; sourceTree = "<group>"; };
		011DD54C2943A06400CF3522 /* numberioTests.xctest */ = {isa = PBXFileReference; explicitFileType = wrapper.cfbundle; includeInIndex = 0; path = numberioTests.xctest; sourceTree = BUILT_PRODUCTS_DIR; };
		011DD5502943A06400CF3522 /* numberioTests.swift */ = {isa = PBXFileReference; lastKnownFileType = sourcecode.swift; path = numberioTests.swift; sourceTree = "<group>"; };
		011DD5562943A06400CF3522 /* numberioUITests.xctest */ = {isa = PBXFileReference; explicitFileType = wrapper.cfbundle; includeInIndex = 0; path = numberioUITests.xctest; sourceTree = BUILT_PRODUCTS_DIR; };
		011DD55A2943A06400CF3522 /* numberioUITests.swift */ = {isa = PBXFileReference; lastKnownFileType = sourcecode.swift; path = numberioUITests.swift; sourceTree = "<group>"; };
		011DD55C2943A06400CF3522 /* numberioUITestsLaunchTests.swift */ = {isa = PBXFileReference; lastKnownFileType = sourcecode.swift; path = numberioUITestsLaunchTests.swift; sourceTree = "<group>"; };
		011DD5692943D77200CF3522 /* ButtonCell.swift */ = {isa = PBXFileReference; lastKnownFileType = sourcecode.swift; path = ButtonCell.swift; sourceTree = "<group>"; };
/* End PBXFileReference section */

/* Begin PBXFrameworksBuildPhase section */
		011DD5382943A06300CF3522 /* Frameworks */ = {
			isa = PBXFrameworksBuildPhase;
			buildActionMask = 2147483647;
			files = (
			);
			runOnlyForDeploymentPostprocessing = 0;
		};
		011DD5492943A06400CF3522 /* Frameworks */ = {
			isa = PBXFrameworksBuildPhase;
			buildActionMask = 2147483647;
			files = (
			);
			runOnlyForDeploymentPostprocessing = 0;
		};
		011DD5532943A06400CF3522 /* Frameworks */ = {
			isa = PBXFrameworksBuildPhase;
			buildActionMask = 2147483647;
			files = (
			);
			runOnlyForDeploymentPostprocessing = 0;
		};
/* End PBXFrameworksBuildPhase section */

/* Begin PBXGroup section */
		011DD5322943A06300CF3522 = {
			isa = PBXGroup;
			children = (
				011DD53D2943A06300CF3522 /* numberio */,
				011DD54F2943A06400CF3522 /* numberioTests */,
				011DD5592943A06400CF3522 /* numberioUITests */,
				011DD53C2943A06300CF3522 /* Products */,
			);
			sourceTree = "<group>";
		};
		011DD53C2943A06300CF3522 /* Products */ = {
			isa = PBXGroup;
			children = (
				011DD53B2943A06300CF3522 /* numberio.app */,
				011DD54C2943A06400CF3522 /* numberioTests.xctest */,
				011DD5562943A06400CF3522 /* numberioUITests.xctest */,
			);
			name = Products;
			sourceTree = "<group>";
		};
		011DD53D2943A06300CF3522 /* numberio */ = {
			isa = PBXGroup;
			children = (
				011DD53E2943A06300CF3522 /* numberioApp.swift */,
				011DD5402943A06300CF3522 /* ContentView.swift */,
				011DD5422943A06400CF3522 /* Assets.xcassets */,
				011DD5442943A06400CF3522 /* numberio.entitlements */,
				011DD5452943A06400CF3522 /* Preview Content */,
				011DD5692943D77200CF3522 /* ButtonCell.swift */,
			);
			path = numberio;
			sourceTree = "<group>";
		};
		011DD5452943A06400CF3522 /* Preview Content */ = {
			isa = PBXGroup;
			children = (
				011DD5462943A06400CF3522 /* Preview Assets.xcassets */,
			);
			path = "Preview Content";
			sourceTree = "<group>";
		};
		011DD54F2943A06400CF3522 /* numberioTests */ = {
			isa = PBXGroup;
			children = (
				011DD5502943A06400CF3522 /* numberioTests.swift */,
			);
			path = numberioTests;
			sourceTree = "<group>";
		};
		011DD5592943A06400CF3522 /* numberioUITests */ = {
			isa = PBXGroup;
			children = (
				011DD55A2943A06400CF3522 /* numberioUITests.swift */,
				011DD55C2943A06400CF3522 /* numberioUITestsLaunchTests.swift */,
			);
			path = numberioUITests;
			sourceTree = "<group>";
		};
/* End PBXGroup section */

/* Begin PBXNativeTarget section */
		011DD53A2943A06300CF3522 /* numberio */ = {
			isa = PBXNativeTarget;
			buildConfigurationList = 011DD5602943A06400CF3522 /* Build configuration list for PBXNativeTarget "numberio" */;
			buildPhases = (
				011DD5372943A06300CF3522 /* Sources */,
				011DD5382943A06300CF3522 /* Frameworks */,
				011DD5392943A06300CF3522 /* Resources */,
			);
			buildRules = (
			);
			dependencies = (
			);
			name = numberio;
			productName = numberio;
			productReference = 011DD53B2943A06300CF3522 /* numberio.app */;
			productType = "com.apple.product-type.application";
		};
		011DD54B2943A06400CF3522 /* numberioTests */ = {
			isa = PBXNativeTarget;
			buildConfigurationList = 011DD5632943A06400CF3522 /* Build configuration list for PBXNativeTarget "numberioTests" */;
			buildPhases = (
				011DD5482943A06400CF3522 /* Sources */,
				011DD5492943A06400CF3522 /* Frameworks */,
				011DD54A2943A06400CF3522 /* Resources */,
			);
			buildRules = (
			);
			dependencies = (
				011DD54E2943A06400CF3522 /* PBXTargetDependency */,
			);
			name = numberioTests;
			productName = numberioTests;
			productReference = 011DD54C2943A06400CF3522 /* numberioTests.xctest */;
			productType = "com.apple.product-type.bundle.unit-test";
		};
		011DD5552943A06400CF3522 /* numberioUITests */ = {
			isa = PBXNativeTarget;
			buildConfigurationList = 011DD5662943A06400CF3522 /* Build configuration list for PBXNativeTarget "numberioUITests" */;
			buildPhases = (
				011DD5522943A06400CF3522 /* Sources */,
				011DD5532943A06400CF3522 /* Frameworks */,
				011DD5542943A06400CF3522 /* Resources */,
			);
			buildRules = (
			);
			dependencies = (
				011DD5582943A06400CF3522 /* PBXTargetDependency */,
			);
			name = numberioUITests;
			productName = numberioUITests;
			productReference = 011DD5562943A06400CF3522 /* numberioUITests.xctest */;
			productType = "com.apple.product-type.bundle.ui-testing";
		};
/* End PBXNativeTarget section */

/* Begin PBXProject section */
		011DD5332943A06300CF3522 /* Project object */ = {
			isa = PBXProject;
			attributes = {
				BuildIndependentTargetsInParallel = 1;
				KnownAssetTags = (
					Assets,
				);
				LastSwiftUpdateCheck = 1410;
				LastUpgradeCheck = 1410;
				TargetAttributes = {
					011DD53A2943A06300CF3522 = {
						CreatedOnToolsVersion = 14.1;
					};
					011DD54B2943A06400CF3522 = {
						CreatedOnToolsVersion = 14.1;
						TestTargetID = 011DD53A2943A06300CF3522;
					};
					011DD5552943A06400CF3522 = {
						CreatedOnToolsVersion = 14.1;
						TestTargetID = 011DD53A2943A06300CF3522;
					};
				};
			};
			buildConfigurationList = 011DD5362943A06300CF3522 /* Build configuration list for PBXProject "numberio" */;
			compatibilityVersion = "Xcode 14.0";
			developmentRegion = en;
			hasScannedForEncodings = 0;
			knownRegions = (
				en,
				Base,
			);
			mainGroup = 011DD5322943A06300CF3522;
			productRefGroup = 011DD53C2943A06300CF3522 /* Products */;
			projectDirPath = "";
			projectRoot = "";
			targets = (
				011DD53A2943A06300CF3522 /* numberio */,
				011DD54B2943A06400CF3522 /* numberioTests */,
				011DD5552943A06400CF3522 /* numberioUITests */,
			);
		};
/* End PBXProject section */

/* Begin PBXResourcesBuildPhase section */
		011DD5392943A06300CF3522 /* Resources */ = {
			isa = PBXResourcesBuildPhase;
			buildActionMask = 2147483647;
			files = (
				011DD5472943A06400CF3522 /* Preview Assets.xcassets in Resources */,
				011DD5432943A06400CF3522 /* Assets.xcassets in Resources */,
			);
			runOnlyForDeploymentPostprocessing = 0;
		};
		011DD54A2943A06400CF3522 /* Resources */ = {
			isa = PBXResourcesBuildPhase;
			buildActionMask = 2147483647;
			files = (
			);
			runOnlyForDeploymentPostprocessing = 0;
		};
		011DD5542943A06400CF3522 /* Resources */ = {
			isa = PBXResourcesBuildPhase;
			buildActionMask = 2147483647;
			files = (
			);
			runOnlyForDeploymentPostprocessing = 0;
		};
/* End PBXResourcesBuildPhase section */

/* Begin PBXSourcesBuildPhase section */
		011DD5372943A06300CF3522 /* Sources */ = {
			isa = PBXSourcesBuildPhase;
			buildActionMask = 2147483647;
			files = (
				011DD5412943A06300CF3522 /* ContentView.swift in Sources */,
				011DD53F2943A06300CF3522 /* numberioApp.swift in Sources */,
				011DD56A2943D77200CF3522 /* ButtonCell.swift in Sources */,
			);
			runOnlyForDeploymentPostprocessing = 0;
		};
		011DD5482943A06400CF3522 /* Sources */ = {
			isa = PBXSourcesBuildPhase;
			buildActionMask = 2147483647;
			files = (
				011DD5512943A06400CF3522 /* numberioTests.swift in Sources */,
			);
			runOnlyForDeploymentPostprocessing = 0;
		};
		011DD5522943A06400CF3522 /* Sources */ = {
			isa = PBXSourcesBuildPhase;
			buildActionMask = 2147483647;
			files = (
				011DD55D2943A06400CF3522 /* numberioUITestsLaunchTests.swift in Sources */,
				011DD55B2943A06400CF3522 /* numberioUITests.swift in Sources */,
			);
			runOnlyForDeploymentPostprocessing = 0;
		};
/* End PBXSourcesBuildPhase section */

/* Begin PBXTargetDependency section */
		011DD54E2943A06400CF3522 /* PBXTargetDependency */ = {
			isa = PBXTargetDependency;
			target = 011DD53A2943A06300CF3522 /* numberio */;
			targetProxy = 011DD54D2943A06400CF3522 /* PBXContainerItemProxy */;
		};
		011DD5582943A06400CF3522 /* PBXTargetDependency */ = {
			isa = PBXTargetDependency;
			target = 011DD53A2943A06300CF3522 /* numberio */;
			targetProxy = 011DD5572943A06400CF3522 /* PBXContainerItemProxy */;
		};
/* End PBXTargetDependency section */

/* Begin XCBuildConfiguration section */
		011DD55E2943A06400CF3522 /* Debug */ = {
			isa = XCBuildConfiguration;
			buildSettings = {
				ALWAYS_SEARCH_USER_PATHS = NO;
				CLANG_ANALYZER_NONNULL = YES;
				CLANG_ANALYZER_NUMBER_OBJECT_CONVERSION = YES_AGGRESSIVE;
				CLANG_CXX_LANGUAGE_STANDARD = "gnu++20";
				CLANG_ENABLE_MODULES = YES;
				CLANG_ENABLE_OBJC_ARC = YES;
				CLANG_ENABLE_OBJC_WEAK = YES;
				CLANG_WARN_BLOCK_CAPTURE_AUTORELEASING = YES;
				CLANG_WARN_BOOL_CONVERSION = YES;
				CLANG_WARN_COMMA = YES;
				CLANG_WARN_CONSTANT_CONVERSION = YES;
				CLANG_WARN_DEPRECATED_OBJC_IMPLEMENTATIONS = YES;
				CLANG_WARN_DIRECT_OBJC_ISA_USAGE = YES_ERROR;
				CLANG_WARN_DOCUMENTATION_COMMENTS = YES;
				CLANG_WARN_EMPTY_BODY = YES;
				CLANG_WARN_ENUM_CONVERSION = YES;
				CLANG_WARN_INFINITE_RECURSION = YES;
				CLANG_WARN_INT_CONVERSION = YES;
				CLANG_WARN_NON_LITERAL_NULL_CONVERSION = YES;
				CLANG_WARN_OBJC_IMPLICIT_RETAIN_SELF = YES;
				CLANG_WARN_OBJC_LITERAL_CONVERSION = YES;
				CLANG_WARN_OBJC_ROOT_CLASS = YES_ERROR;
				CLANG_WARN_QUOTED_INCLUDE_IN_FRAMEWORK_HEADER = YES;
				CLANG_WARN_RANGE_LOOP_ANALYSIS = YES;
				CLANG_WARN_STRICT_PROTOTYPES = YES;
				CLANG_WARN_SUSPICIOUS_MOVE = YES;
				CLANG_WARN_UNGUARDED_AVAILABILITY = YES_AGGRESSIVE;
				CLANG_WARN_UNREACHABLE_CODE = YES;
				CLANG_WARN__DUPLICATE_METHOD_MATCH = YES;
				COPY_PHASE_STRIP = NO;
				DEBUG_INFORMATION_FORMAT = dwarf;
				ENABLE_STRICT_OBJC_MSGSEND = YES;
				ENABLE_TESTABILITY = YES;
				GCC_C_LANGUAGE_STANDARD = gnu11;
				GCC_DYNAMIC_NO_PIC = NO;
				GCC_NO_COMMON_BLOCKS = YES;
				GCC_OPTIMIZATION_LEVEL = 0;
				GCC_PREPROCESSOR_DEFINITIONS = (
					"DEBUG=1",
					"$(inherited)",
				);
				GCC_WARN_64_TO_32_BIT_CONVERSION = YES;
				GCC_WARN_ABOUT_RETURN_TYPE = YES_ERROR;
				GCC_WARN_UNDECLARED_SELECTOR = YES;
				GCC_WARN_UNINITIALIZED_AUTOS = YES_AGGRESSIVE;
				GCC_WARN_UNUSED_FUNCTION = YES;
				GCC_WARN_UNUSED_VARIABLE = YES;
				MTL_ENABLE_DEBUG_INFO = INCLUDE_SOURCE;
				MTL_FAST_MATH = YES;
				ONLY_ACTIVE_ARCH = YES;
				SWIFT_ACTIVE_COMPILATION_CONDITIONS = DEBUG;
				SWIFT_OPTIMIZATION_LEVEL = "-Onone";
			};
			name = Debug;
		};
		011DD55F2943A06400CF3522 /* Release */ = {
			isa = XCBuildConfiguration;
			buildSettings = {
				ALWAYS_SEARCH_USER_PATHS = NO;
				CLANG_ANALYZER_NONNULL = YES;
				CLANG_ANALYZER_NUMBER_OBJECT_CONVERSION = YES_AGGRESSIVE;
				CLANG_CXX_LANGUAGE_STANDARD = "gnu++20";
				CLANG_ENABLE_MODULES = YES;
				CLANG_ENABLE_OBJC_ARC = YES;
				CLANG_ENABLE_OBJC_WEAK = YES;
				CLANG_WARN_BLOCK_CAPTURE_AUTORELEASING = YES;
				CLANG_WARN_BOOL_CONVERSION = YES;
				CLANG_WARN_COMMA = YES;
				CLANG_WARN_CONSTANT_CONVERSION = YES;
				CLANG_WARN_DEPRECATED_OBJC_IMPLEMENTATIONS = YES;
				CLANG_WARN_DIRECT_OBJC_ISA_USAGE = YES_ERROR;
				CLANG_WARN_DOCUMENTATION_COMMENTS = YES;
				CLANG_WARN_EMPTY_BODY = YES;
				CLANG_WARN_ENUM_CONVERSION = YES;
				CLANG_WARN_INFINITE_RECURSION = YES;
				CLANG_WARN_INT_CONVERSION = YES;
				CLANG_WARN_NON_LITERAL_NULL_CONVERSION = YES;
				CLANG_WARN_OBJC_IMPLICIT_RETAIN_SELF = YES;
				CLANG_WARN_OBJC_LITERAL_CONVERSION = YES;
				CLANG_WARN_OBJC_ROOT_CLASS = YES_ERROR;
				CLANG_WARN_QUOTED_INCLUDE_IN_FRAMEWORK_HEADER = YES;
				CLANG_WARN_RANGE_LOOP_ANALYSIS = YES;
				CLANG_WARN_STRICT_PROTOTYPES = YES;
				CLANG_WARN_SUSPICIOUS_MOVE = YES;
				CLANG_WARN_UNGUARDED_AVAILABILITY = YES_AGGRESSIVE;
				CLANG_WARN_UNREACHABLE_CODE = YES;
				CLANG_WARN__DUPLICATE_METHOD_MATCH = YES;
				COPY_PHASE_STRIP = NO;
				DEBUG_INFORMATION_FORMAT = "dwarf-with-dsym";
				ENABLE_NS_ASSERTIONS = NO;
				ENABLE_STRICT_OBJC_MSGSEND = YES;
				GCC_C_LANGUAGE_STANDARD = gnu11;
				GCC_NO_COMMON_BLOCKS = YES;
				GCC_WARN_64_TO_32_BIT_CONVERSION = YES;
				GCC_WARN_ABOUT_RETURN_TYPE = YES_ERROR;
				GCC_WARN_UNDECLARED_SELECTOR = YES;
				GCC_WARN_UNINITIALIZED_AUTOS = YES_AGGRESSIVE;
				GCC_WARN_UNUSED_FUNCTION = YES;
				GCC_WARN_UNUSED_VARIABLE = YES;
				MTL_ENABLE_DEBUG_INFO = NO;
				MTL_FAST_MATH = YES;
				SWIFT_COMPILATION_MODE = wholemodule;
				SWIFT_OPTIMIZATION_LEVEL = "-O";
			};
			name = Release;
		};
		011DD5612943A06400CF3522 /* Debug */ = {
			isa = XCBuildConfiguration;
			buildSettings = {
				ASSETCATALOG_COMPILER_APPICON_NAME = AppIcon;
				ASSETCATALOG_COMPILER_GLOBAL_ACCENT_COLOR_NAME = AccentColor;
				CODE_SIGN_ENTITLEMENTS = numberio/numberio.entitlements;
				CODE_SIGN_IDENTITY = "Apple Development";
				"CODE_SIGN_IDENTITY[sdk=macosx*]" = "-";
				CODE_SIGN_STYLE = Automatic;
				CURRENT_PROJECT_VERSION = 1;
				DEVELOPMENT_ASSET_PATHS = "\"numberio/Preview Content\"";
				DEVELOPMENT_TEAM = 47G64ZMHC7;
				ENABLE_HARDENED_RUNTIME = YES;
				ENABLE_PREVIEWS = YES;
				GENERATE_INFOPLIST_FILE = YES;
				"INFOPLIST_KEY_UIApplicationSceneManifest_Generation[sdk=iphoneos*]" = YES;
				"INFOPLIST_KEY_UIApplicationSceneManifest_Generation[sdk=iphonesimulator*]" = YES;
				"INFOPLIST_KEY_UIApplicationSupportsIndirectInputEvents[sdk=iphoneos*]" = YES;
				"INFOPLIST_KEY_UIApplicationSupportsIndirectInputEvents[sdk=iphonesimulator*]" = YES;
				"INFOPLIST_KEY_UILaunchScreen_Generation[sdk=iphoneos*]" = YES;
				"INFOPLIST_KEY_UILaunchScreen_Generation[sdk=iphonesimulator*]" = YES;
				"INFOPLIST_KEY_UIStatusBarStyle[sdk=iphoneos*]" = UIStatusBarStyleDefault;
				"INFOPLIST_KEY_UIStatusBarStyle[sdk=iphonesimulator*]" = UIStatusBarStyleDefault;
				INFOPLIST_KEY_UISupportedInterfaceOrientations_iPad = "UIInterfaceOrientationPortrait UIInterfaceOrientationPortraitUpsideDown UIInterfaceOrientationLandscapeLeft UIInterfaceOrientationLandscapeRight";
				INFOPLIST_KEY_UISupportedInterfaceOrientations_iPhone = "UIInterfaceOrientationPortrait UIInterfaceOrientationLandscapeLeft UIInterfaceOrientationLandscapeRight";
				IPHONEOS_DEPLOYMENT_TARGET = 14.7;
				LD_RUNPATH_SEARCH_PATHS = "@executable_path/Frameworks";
				"LD_RUNPATH_SEARCH_PATHS[sdk=macosx*]" = "@executable_path/../Frameworks";
				MACOSX_DEPLOYMENT_TARGET = 13.0;
				MARKETING_VERSION = 1.0;
				PRODUCT_BUNDLE_IDENTIFIER = rnav2022.numberio;
				PRODUCT_NAME = "$(TARGET_NAME)";
				PROVISIONING_PROFILE_SPECIFIER = "";
				SDKROOT = auto;
				SUPPORTED_PLATFORMS = "iphoneos iphonesimulator macosx";
				SWIFT_EMIT_LOC_STRINGS = YES;
				SWIFT_VERSION = 5.0;
				TARGETED_DEVICE_FAMILY = "1,2";
			};
			name = Debug;
		};
		011DD5622943A06400CF3522 /* Release */ = {
			isa = XCBuildConfiguration;
			buildSettings = {
				ASSETCATALOG_COMPILER_APPICON_NAME = AppIcon;
				ASSETCATALOG_COMPILER_GLOBAL_ACCENT_COLOR_NAME = AccentColor;
				CODE_SIGN_ENTITLEMENTS = numberio/numberio.entitlements;
				CODE_SIGN_IDENTITY = "Apple Development";
				"CODE_SIGN_IDENTITY[sdk=macosx*]" = "-";
				CODE_SIGN_STYLE = Automatic;
				CURRENT_PROJECT_VERSION = 1;
				DEVELOPMENT_ASSET_PATHS = "\"numberio/Preview Content\"";
				DEVELOPMENT_TEAM = 47G64ZMHC7;
				ENABLE_HARDENED_RUNTIME = YES;
				ENABLE_PREVIEWS = YES;
				GENERATE_INFOPLIST_FILE = YES;
				"INFOPLIST_KEY_UIApplicationSceneManifest_Generation[sdk=iphoneos*]" = YES;
				"INFOPLIST_KEY_UIApplicationSceneManifest_Generation[sdk=iphonesimulator*]" = YES;
				"INFOPLIST_KEY_UIApplicationSupportsIndirectInputEvents[sdk=iphoneos*]" = YES;
				"INFOPLIST_KEY_UIApplicationSupportsIndirectInputEvents[sdk=iphonesimulator*]" = YES;
				"INFOPLIST_KEY_UILaunchScreen_Generation[sdk=iphoneos*]" = YES;
				"INFOPLIST_KEY_UILaunchScreen_Generation[sdk=iphonesimulator*]" = YES;
				"INFOPLIST_KEY_UIStatusBarStyle[sdk=iphoneos*]" = UIStatusBarStyleDefault;
				"INFOPLIST_KEY_UIStatusBarStyle[sdk=iphonesimulator*]" = UIStatusBarStyleDefault;
				INFOPLIST_KEY_UISupportedInterfaceOrientations_iPad = "UIInterfaceOrientationPortrait UIInterfaceOrientationPortraitUpsideDown UIInterfaceOrientationLandscapeLeft UIInterfaceOrientationLandscapeRight";
				INFOPLIST_KEY_UISupportedInterfaceOrientations_iPhone = "UIInterfaceOrientationPortrait UIInterfaceOrientationLandscapeLeft UIInterfaceOrientationLandscapeRight";
				IPHONEOS_DEPLOYMENT_TARGET = 14.7;
				LD_RUNPATH_SEARCH_PATHS = "@executable_path/Frameworks";
				"LD_RUNPATH_SEARCH_PATHS[sdk=macosx*]" = "@executable_path/../Frameworks";
				MACOSX_DEPLOYMENT_TARGET = 13.0;
				MARKETING_VERSION = 1.0;
				PRODUCT_BUNDLE_IDENTIFIER = rnav2022.numberio;
				PRODUCT_NAME = "$(TARGET_NAME)";
				PROVISIONING_PROFILE_SPECIFIER = "";
				SDKROOT = auto;
				SUPPORTED_PLATFORMS = "iphoneos iphonesimulator macosx";
				SWIFT_EMIT_LOC_STRINGS = YES;
				SWIFT_VERSION = 5.0;
				TARGETED_DEVICE_FAMILY = "1,2";
			};
			name = Release;
		};
		011DD5642943A06400CF3522 /* Debug */ = {
			isa = XCBuildConfiguration;
			buildSettings = {
				ALWAYS_EMBED_SWIFT_STANDARD_LIBRARIES = YES;
				BUNDLE_LOADER = "$(TEST_HOST)";
				CODE_SIGN_STYLE = Automatic;
				CURRENT_PROJECT_VERSION = 1;
				DEVELOPMENT_TEAM = 47G64ZMHC7;
				GENERATE_INFOPLIST_FILE = YES;
				IPHONEOS_DEPLOYMENT_TARGET = 16.1;
				MACOSX_DEPLOYMENT_TARGET = 13.0;
				MARKETING_VERSION = 1.0;
				PRODUCT_BUNDLE_IDENTIFIER = rnav2022.numberioTests;
				PRODUCT_NAME = "$(TARGET_NAME)";
				SDKROOT = auto;
				SUPPORTED_PLATFORMS = "iphoneos iphonesimulator macosx";
				SWIFT_EMIT_LOC_STRINGS = NO;
				SWIFT_VERSION = 5.0;
				TARGETED_DEVICE_FAMILY = "1,2";
				TEST_HOST = "$(BUILT_PRODUCTS_DIR)/numberio.app/$(BUNDLE_EXECUTABLE_FOLDER_PATH)/numberio";
			};
			name = Debug;
		};
		011DD5652943A06400CF3522 /* Release */ = {
			isa = XCBuildConfiguration;
			buildSettings = {
				ALWAYS_EMBED_SWIFT_STANDARD_LIBRARIES = YES;
				BUNDLE_LOADER = "$(TEST_HOST)";
				CODE_SIGN_STYLE = Automatic;
				CURRENT_PROJECT_VERSION = 1;
				DEVELOPMENT_TEAM = 47G64ZMHC7;
				GENERATE_INFOPLIST_FILE = YES;
				IPHONEOS_DEPLOYMENT_TARGET = 16.1;
				MACOSX_DEPLOYMENT_TARGET = 13.0;
				MARKETING_VERSION = 1.0;
				PRODUCT_BUNDLE_IDENTIFIER = rnav2022.numberioTests;
				PRODUCT_NAME = "$(TARGET_NAME)";
				SDKROOT = auto;
				SUPPORTED_PLATFORMS = "iphoneos iphonesimulator macosx";
				SWIFT_EMIT_LOC_STRINGS = NO;
				SWIFT_VERSION = 5.0;
				TARGETED_DEVICE_FAMILY = "1,2";
				TEST_HOST = "$(BUILT_PRODUCTS_DIR)/numberio.app/$(BUNDLE_EXECUTABLE_FOLDER_PATH)/numberio";
			};
			name = Release;
		};
		011DD5672943A06400CF3522 /* Debug */ = {
			isa = XCBuildConfiguration;
			buildSettings = {
				ALWAYS_EMBED_SWIFT_STANDARD_LIBRARIES = YES;
				CODE_SIGN_STYLE = Automatic;
				CURRENT_PROJECT_VERSION = 1;
				DEVELOPMENT_TEAM = 47G64ZMHC7;
				GENERATE_INFOPLIST_FILE = YES;
				IPHONEOS_DEPLOYMENT_TARGET = 16.1;
				MACOSX_DEPLOYMENT_TARGET = 13.0;
				MARKETING_VERSION = 1.0;
				PRODUCT_BUNDLE_IDENTIFIER = rnav2022.numberioUITests;
				PRODUCT_NAME = "$(TARGET_NAME)";
				SDKROOT = auto;
				SUPPORTED_PLATFORMS = "iphoneos iphonesimulator macosx";
				SWIFT_EMIT_LOC_STRINGS = NO;
				SWIFT_VERSION = 5.0;
				TARGETED_DEVICE_FAMILY = "1,2";
				TEST_TARGET_NAME = numberio;
			};
			name = Debug;
		};
		011DD5682943A06400CF3522 /* Release */ = {
			isa = XCBuildConfiguration;
			buildSettings = {
				ALWAYS_EMBED_SWIFT_STANDARD_LIBRARIES = YES;
				CODE_SIGN_STYLE = Automatic;
				CURRENT_PROJECT_VERSION = 1;
				DEVELOPMENT_TEAM = 47G64ZMHC7;
				GENERATE_INFOPLIST_FILE = YES;
				IPHONEOS_DEPLOYMENT_TARGET = 16.1;
				MACOSX_DEPLOYMENT_TARGET = 13.0;
				MARKETING_VERSION = 1.0;
				PRODUCT_BUNDLE_IDENTIFIER = rnav2022.numberioUITests;
				PRODUCT_NAME = "$(TARGET_NAME)";
				SDKROOT = auto;
				SUPPORTED_PLATFORMS = "iphoneos iphonesimulator macosx";
				SWIFT_EMIT_LOC_STRINGS = NO;
				SWIFT_VERSION = 5.0;
				TARGETED_DEVICE_FAMILY = "1,2";
				TEST_TARGET_NAME = numberio;
			};
			name = Release;
		};
/* End XCBuildConfiguration section */

/* Begin XCConfigurationList section */
		011DD5362943A06300CF3522 /* Build configuration list for PBXProject "numberio" */ = {
			isa = XCConfigurationList;
			buildConfigurations = (
				011DD55E2943A06400CF3522 /* Debug */,
				011DD55F2943A06400CF3522 /* Release */,
			);
			defaultConfigurationIsVisible = 0;
			defaultConfigurationName = Release;
		};
		011DD5602943A06400CF3522 /* Build configuration list for PBXNativeTarget "numberio" */ = {
			isa = XCConfigurationList;
			buildConfigurations = (
				011DD5612943A06400CF3522 /* Debug */,
				011DD5622943A06400CF3522 /* Release */,
			);
			defaultConfigurationIsVisible = 0;
			defaultConfigurationName = Release;
		};
		011DD5632943A06400CF3522 /* Build configuration list for PBXNativeTarget "numberioTests" */ = {
			isa = XCConfigurationList;
			buildConfigurations = (
				011DD5642943A06400CF3522 /* Debug */,
				011DD5652943A06400CF3522 /* Release */,
			);
			defaultConfigurationIsVisible = 0;
			defaultConfigurationName = Release;
		};
		011DD5662943A06400CF3522 /* Build configuration list for PBXNativeTarget "numberioUITests" */ = {
			isa = XCConfigurationList;
			buildConfigurations = (
				011DD5672943A06400CF3522 /* Debug */,
				011DD5682943A06400CF3522 /* Release */,
			);
			defaultConfigurationIsVisible = 0;
			defaultConfigurationName = Release;
		};
/* End XCConfigurationList section */
	};
	rootObject = 011DD5332943A06300CF3522 /* Project object */;
}
